
Microsoft Visual Studio Solution File, Format Version 12.00
# Visual Studio Version 17
VisualStudioVersion = 17.1.32228.430
MinimumVisualStudioVersion = 10.0.40219.1
Project("{FAE04EC0-301F-11D3-BF4B-00C04F79EFBC}") = "Inn Management System", "Inn Management System\Inn Management System.csproj", "{5967CBD8-25B1-422C-BDE2-F676502AF9E3}"
EndProject
Global
	GlobalSection(SolutionConfigurationPlatforms) = preSolution
		Debug|Any CPU = Debug|Any CPU
		Release|Any CPU = Release|Any CPU
	EndGlobalSection
	GlobalSection(ProjectConfigurationPlatforms) = postSolution
		{5967CBD8-25B1-422C-BDE2-F676502AF9E3}.Debug|Any CPU.ActiveCfg = Debug|Any CPU
		{5967CBD8-25B1-422C-BDE2-F676502AF9E3}.Debug|Any CPU.Build.0 = Debug|Any CPU
		{5967CBD8-25B1-422C-BDE2-F676502AF9E3}.Release|Any CPU.ActiveCfg = Release|Any CPU
		{5967CBD8-25B1-422C-BDE2-F676502AF9E3}.Release|Any CPU.Build.0 = Release|Any CPU
	EndGlobalSection
	GlobalSection(SolutionProperties) = preSolution
		HideSolutionNode = FALSE
	EndGlobalSection
	GlobalSection(ExtensibilityGlobals) = postSolution
		SolutionGuid = {E9EF06CE-247C-42F9-800C-391ACE3CF12D}
	EndGlobalSection
EndGlobal
